
Microsoft Visual Studio Solution File, Format Version 12.00
# Visual Studio Version 17
VisualStudioVersion = 17.11.35312.102
MinimumVisualStudioVersion = 10.0.40219.1
Project("{FAE04EC0-301F-11D3-BF4B-00C04F79EFBC}") = "EjercicioAbstraccion", "EjercicioAbstraccion\EjercicioAbstraccion.csproj", "{24811D59-1439-44AA-8BF3-7045B131AF15}"
EndProject
Global
	GlobalSection(SolutionConfigurationPlatforms) = preSolution
		Debug|Any CPU = Debug|Any CPU
		Release|Any CPU = Release|Any CPU
	EndGlobalSection
	GlobalSection(ProjectConfigurationPlatforms) = postSolution
		{24811D59-1439-44AA-8BF3-7045B131AF15}.Debug|Any CPU.ActiveCfg = Debug|Any CPU
		{24811D59-1439-44AA-8BF3-7045B131AF15}.Debug|Any CPU.Build.0 = Debug|Any CPU
		{24811D59-1439-44AA-8BF3-7045B131AF15}.Release|Any CPU.ActiveCfg = Release|Any CPU
		{24811D59-1439-44AA-8BF3-7045B131AF15}.Release|Any CPU.Build.0 = Release|Any CPU
	EndGlobalSection
	GlobalSection(SolutionProperties) = preSolution
		HideSolutionNode = FALSE
	EndGlobalSection
	GlobalSection(ExtensibilityGlobals) = postSolution
		SolutionGuid = {BAFD8FEA-0994-4C37-8C05-912C85E94862}
	EndGlobalSection
EndGlobal
